
Microsoft Visual Studio Solution File, Format Version 12.00
# Visual Studio 15
VisualStudioVersion = 15.0.26124.0
MinimumVisualStudioVersion = 15.0.26124.0
Project("{FAE04EC0-301F-11D3-BF4B-00C04F79EFBC}") = "shared", "shared\shared.csproj", "{B8F521D6-4D9A-413C-8D9C-D83FBC104A64}"
EndProject
Project("{FAE04EC0-301F-11D3-BF4B-00C04F79EFBC}") = "client", "client\client.csproj", "{D765E758-D92E-4CE2-87B4-D63A8F52BC48}"
EndProject
Project("{FAE04EC0-301F-11D3-BF4B-00C04F79EFBC}") = "server", "server\server.csproj", "{70F9DA73-097F-4665-9921-A67C6CB9B11A}"
EndProject
Project("{FAE04EC0-301F-11D3-BF4B-00C04F79EFBC}") = "meta", "meta\meta.csproj", "{DB52C34B-91FF-40DB-B403-19A3C4BB02FE}"
EndProject
Global
	GlobalSection(SolutionConfigurationPlatforms) = preSolution
		Debug|Any CPU = Debug|Any CPU
		Debug|x64 = Debug|x64
		Debug|x86 = Debug|x86
		Release|Any CPU = Release|Any CPU
		Release|x64 = Release|x64
		Release|x86 = Release|x86
	EndGlobalSection
	GlobalSection(SolutionProperties) = preSolution
		HideSolutionNode = FALSE
	EndGlobalSection
	GlobalSection(ProjectConfigurationPlatforms) = postSolution
		{B8F521D6-4D9A-413C-8D9C-D83FBC104A64}.Debug|Any CPU.ActiveCfg = Debug|Any CPU
		{B8F521D6-4D9A-413C-8D9C-D83FBC104A64}.Debug|Any CPU.Build.0 = Debug|Any CPU
		{B8F521D6-4D9A-413C-8D9C-D83FBC104A64}.Debug|x64.ActiveCfg = Debug|Any CPU
		{B8F521D6-4D9A-413C-8D9C-D83FBC104A64}.Debug|x64.Build.0 = Debug|Any CPU
		{B8F521D6-4D9A-413C-8D9C-D83FBC104A64}.Debug|x86.ActiveCfg = Debug|Any CPU
		{B8F521D6-4D9A-413C-8D9C-D83FBC104A64}.Debug|x86.Build.0 = Debug|Any CPU
		{B8F521D6-4D9A-413C-8D9C-D83FBC104A64}.Release|Any CPU.ActiveCfg = Release|Any CPU
		{B8F521D6-4D9A-413C-8D9C-D83FBC104A64}.Release|Any CPU.Build.0 = Release|Any CPU
		{B8F521D6-4D9A-413C-8D9C-D83FBC104A64}.Release|x64.ActiveCfg = Release|Any CPU
		{B8F521D6-4D9A-413C-8D9C-D83FBC104A64}.Release|x64.Build.0 = Release|Any CPU
		{B8F521D6-4D9A-413C-8D9C-D83FBC104A64}.Release|x86.ActiveCfg = Release|Any CPU
		{B8F521D6-4D9A-413C-8D9C-D83FBC104A64}.Release|x86.Build.0 = Release|Any CPU
		{D765E758-D92E-4CE2-87B4-D63A8F52BC48}.Debug|Any CPU.ActiveCfg = Debug|Any CPU
		{D765E758-D92E-4CE2-87B4-D63A8F52BC48}.Debug|Any CPU.Build.0 = Debug|Any CPU
		{D765E758-D92E-4CE2-87B4-D63A8F52BC48}.Debug|x64.ActiveCfg = Debug|Any CPU
		{D765E758-D92E-4CE2-87B4-D63A8F52BC48}.Debug|x64.Build.0 = Debug|Any CPU
		{D765E758-D92E-4CE2-87B4-D63A8F52BC48}.Debug|x86.ActiveCfg = Debug|Any CPU
		{D765E758-D92E-4CE2-87B4-D63A8F52BC48}.Debug|x86.Build.0 = Debug|Any CPU
		{D765E758-D92E-4CE2-87B4-D63A8F52BC48}.Release|Any CPU.ActiveCfg = Release|Any CPU
		{D765E758-D92E-4CE2-87B4-D63A8F52BC48}.Release|Any CPU.Build.0 = Release|Any CPU
		{D765E758-D92E-4CE2-87B4-D63A8F52BC48}.Release|x64.ActiveCfg = Release|Any CPU
		{D765E758-D92E-4CE2-87B4-D63A8F52BC48}.Release|x64.Build.0 = Release|Any CPU
		{D765E758-D92E-4CE2-87B4-D63A8F52BC48}.Release|x86.ActiveCfg = Release|Any CPU
		{D765E758-D92E-4CE2-87B4-D63A8F52BC48}.Release|x86.Build.0 = Release|Any CPU
		{70F9DA73-097F-4665-9921-A67C6CB9B11A}.Debug|Any CPU.ActiveCfg = Debug|Any CPU
		{70F9DA73-097F-4665-9921-A67C6CB9B11A}.Debug|Any CPU.Build.0 = Debug|Any CPU
		{70F9DA73-097F-4665-9921-A67C6CB9B11A}.Debug|x64.ActiveCfg = Debug|Any CPU
		{70F9DA73-097F-4665-9921-A67C6CB9B11A}.Debug|x64.Build.0 = Debug|Any CPU
		{70F9DA73-097F-4665-9921-A67C6CB9B11A}.Debug|x86.ActiveCfg = Debug|Any CPU
		{70F9DA73-097F-4665-9921-A67C6CB9B11A}.Debug|x86.Build.0 = Debug|Any CPU
		{70F9DA73-097F-4665-9921-A67C6CB9B11A}.Release|Any CPU.ActiveCfg = Release|Any CPU
		{70F9DA73-097F-4665-9921-A67C6CB9B11A}.Release|Any CPU.Build.0 = Release|Any CPU
		{70F9DA73-097F-4665-9921-A67C6CB9B11A}.Release|x64.ActiveCfg = Release|Any CPU
		{70F9DA73-097F-4665-9921-A67C6CB9B11A}.Release|x64.Build.0 = Release|Any CPU
		{70F9DA73-097F-4665-9921-A67C6CB9B11A}.Release|x86.ActiveCfg = Release|Any CPU
		{70F9DA73-097F-4665-9921-A67C6CB9B11A}.Release|x86.Build.0 = Release|Any CPU
		{DB52C34B-91FF-40DB-B403-19A3C4BB02FE}.Debug|Any CPU.ActiveCfg = Debug|Any CPU
		{DB52C34B-91FF-40DB-B403-19A3C4BB02FE}.Debug|Any CPU.Build.0 = Debug|Any CPU
		{DB52C34B-91FF-40DB-B403-19A3C4BB02FE}.Debug|x64.ActiveCfg = Debug|Any CPU
		{DB52C34B-91FF-40DB-B403-19A3C4BB02FE}.Debug|x64.Build.0 = Debug|Any CPU
		{DB52C34B-91FF-40DB-B403-19A3C4BB02FE}.Debug|x86.ActiveCfg = Debug|Any CPU
		{DB52C34B-91FF-40DB-B403-19A3C4BB02FE}.Debug|x86.Build.0 = Debug|Any CPU
		{DB52C34B-91FF-40DB-B403-19A3C4BB02FE}.Release|Any CPU.ActiveCfg = Release|Any CPU
		{DB52C34B-91FF-40DB-B403-19A3C4BB02FE}.Release|Any CPU.Build.0 = Release|Any CPU
		{DB52C34B-91FF-40DB-B403-19A3C4BB02FE}.Release|x64.ActiveCfg = Release|Any CPU
		{DB52C34B-91FF-40DB-B403-19A3C4BB02FE}.Release|x64.Build.0 = Release|Any CPU
		{DB52C34B-91FF-40DB-B403-19A3C4BB02FE}.Release|x86.ActiveCfg = Release|Any CPU
		{DB52C34B-91FF-40DB-B403-19A3C4BB02FE}.Release|x86.Build.0 = Release|Any CPU
	EndGlobalSection
EndGlobal
