
Microsoft Visual Studio Solution File, Format Version 12.00
# Visual Studio 15
VisualStudioVersion = 15.0.26124.0
MinimumVisualStudioVersion = 15.0.26124.0
Project("{FAE04EC0-301F-11D3-BF4B-00C04F79EFBC}") = "meta", "meta\meta.csproj", "{C473C0B0-B6F5-4280-AACC-6D8F324E4211}"
EndProject
Project("{2150E333-8FDC-42A3-9474-1A3956D46DE8}") = "grpc-dotnet", "grpc-dotnet", "{6FC37CDE-07B9-4D9D-B5B4-606B8B50D572}"
EndProject
Project("{FAE04EC0-301F-11D3-BF4B-00C04F79EFBC}") = "server", "grpc-dotnet\server\server.csproj", "{67518CA4-598E-4D81-AAF3-C467964CC605}"
EndProject
Project("{FAE04EC0-301F-11D3-BF4B-00C04F79EFBC}") = "client", "grpc-dotnet\client\client.csproj", "{0CA83220-D920-44D3-ABF3-953AF4E5A522}"
EndProject
Project("{2150E333-8FDC-42A3-9474-1A3956D46DE8}") = "grpc.core", "grpc.core", "{3CE4BEFC-0FDC-4DE3-B23D-BE46874BDDDD}"
EndProject
Project("{FAE04EC0-301F-11D3-BF4B-00C04F79EFBC}") = "server", "grpc.core\server\server.csproj", "{AC46682B-FCD1-4CCE-90FD-724CFF6BD28A}"
EndProject
Project("{FAE04EC0-301F-11D3-BF4B-00C04F79EFBC}") = "client", "grpc.core\client\client.csproj", "{83DDD522-D3CF-431F-93E8-0B59A9779988}"
EndProject
Global
	GlobalSection(SolutionConfigurationPlatforms) = preSolution
		Debug|Any CPU = Debug|Any CPU
		Debug|x64 = Debug|x64
		Debug|x86 = Debug|x86
		Release|Any CPU = Release|Any CPU
		Release|x64 = Release|x64
		Release|x86 = Release|x86
	EndGlobalSection
	GlobalSection(SolutionProperties) = preSolution
		HideSolutionNode = FALSE
	EndGlobalSection
	GlobalSection(ProjectConfigurationPlatforms) = postSolution
		{C473C0B0-B6F5-4280-AACC-6D8F324E4211}.Debug|Any CPU.ActiveCfg = Debug|Any CPU
		{C473C0B0-B6F5-4280-AACC-6D8F324E4211}.Debug|Any CPU.Build.0 = Debug|Any CPU
		{C473C0B0-B6F5-4280-AACC-6D8F324E4211}.Debug|x64.ActiveCfg = Debug|Any CPU
		{C473C0B0-B6F5-4280-AACC-6D8F324E4211}.Debug|x64.Build.0 = Debug|Any CPU
		{C473C0B0-B6F5-4280-AACC-6D8F324E4211}.Debug|x86.ActiveCfg = Debug|Any CPU
		{C473C0B0-B6F5-4280-AACC-6D8F324E4211}.Debug|x86.Build.0 = Debug|Any CPU
		{C473C0B0-B6F5-4280-AACC-6D8F324E4211}.Release|Any CPU.ActiveCfg = Release|Any CPU
		{C473C0B0-B6F5-4280-AACC-6D8F324E4211}.Release|Any CPU.Build.0 = Release|Any CPU
		{C473C0B0-B6F5-4280-AACC-6D8F324E4211}.Release|x64.ActiveCfg = Release|Any CPU
		{C473C0B0-B6F5-4280-AACC-6D8F324E4211}.Release|x64.Build.0 = Release|Any CPU
		{C473C0B0-B6F5-4280-AACC-6D8F324E4211}.Release|x86.ActiveCfg = Release|Any CPU
		{C473C0B0-B6F5-4280-AACC-6D8F324E4211}.Release|x86.Build.0 = Release|Any CPU
		{67518CA4-598E-4D81-AAF3-C467964CC605}.Debug|Any CPU.ActiveCfg = Debug|Any CPU
		{67518CA4-598E-4D81-AAF3-C467964CC605}.Debug|Any CPU.Build.0 = Debug|Any CPU
		{67518CA4-598E-4D81-AAF3-C467964CC605}.Debug|x64.ActiveCfg = Debug|Any CPU
		{67518CA4-598E-4D81-AAF3-C467964CC605}.Debug|x64.Build.0 = Debug|Any CPU
		{67518CA4-598E-4D81-AAF3-C467964CC605}.Debug|x86.ActiveCfg = Debug|Any CPU
		{67518CA4-598E-4D81-AAF3-C467964CC605}.Debug|x86.Build.0 = Debug|Any CPU
		{67518CA4-598E-4D81-AAF3-C467964CC605}.Release|Any CPU.ActiveCfg = Release|Any CPU
		{67518CA4-598E-4D81-AAF3-C467964CC605}.Release|Any CPU.Build.0 = Release|Any CPU
		{67518CA4-598E-4D81-AAF3-C467964CC605}.Release|x64.ActiveCfg = Release|Any CPU
		{67518CA4-598E-4D81-AAF3-C467964CC605}.Release|x64.Build.0 = Release|Any CPU
		{67518CA4-598E-4D81-AAF3-C467964CC605}.Release|x86.ActiveCfg = Release|Any CPU
		{67518CA4-598E-4D81-AAF3-C467964CC605}.Release|x86.Build.0 = Release|Any CPU
		{0CA83220-D920-44D3-ABF3-953AF4E5A522}.Debug|Any CPU.ActiveCfg = Debug|Any CPU
		{0CA83220-D920-44D3-ABF3-953AF4E5A522}.Debug|Any CPU.Build.0 = Debug|Any CPU
		{0CA83220-D920-44D3-ABF3-953AF4E5A522}.Debug|x64.ActiveCfg = Debug|Any CPU
		{0CA83220-D920-44D3-ABF3-953AF4E5A522}.Debug|x64.Build.0 = Debug|Any CPU
		{0CA83220-D920-44D3-ABF3-953AF4E5A522}.Debug|x86.ActiveCfg = Debug|Any CPU
		{0CA83220-D920-44D3-ABF3-953AF4E5A522}.Debug|x86.Build.0 = Debug|Any CPU
		{0CA83220-D920-44D3-ABF3-953AF4E5A522}.Release|Any CPU.ActiveCfg = Release|Any CPU
		{0CA83220-D920-44D3-ABF3-953AF4E5A522}.Release|Any CPU.Build.0 = Release|Any CPU
		{0CA83220-D920-44D3-ABF3-953AF4E5A522}.Release|x64.ActiveCfg = Release|Any CPU
		{0CA83220-D920-44D3-ABF3-953AF4E5A522}.Release|x64.Build.0 = Release|Any CPU
		{0CA83220-D920-44D3-ABF3-953AF4E5A522}.Release|x86.ActiveCfg = Release|Any CPU
		{0CA83220-D920-44D3-ABF3-953AF4E5A522}.Release|x86.Build.0 = Release|Any CPU
		{AC46682B-FCD1-4CCE-90FD-724CFF6BD28A}.Debug|Any CPU.ActiveCfg = Debug|Any CPU
		{AC46682B-FCD1-4CCE-90FD-724CFF6BD28A}.Debug|Any CPU.Build.0 = Debug|Any CPU
		{AC46682B-FCD1-4CCE-90FD-724CFF6BD28A}.Debug|x64.ActiveCfg = Debug|Any CPU
		{AC46682B-FCD1-4CCE-90FD-724CFF6BD28A}.Debug|x64.Build.0 = Debug|Any CPU
		{AC46682B-FCD1-4CCE-90FD-724CFF6BD28A}.Debug|x86.ActiveCfg = Debug|Any CPU
		{AC46682B-FCD1-4CCE-90FD-724CFF6BD28A}.Debug|x86.Build.0 = Debug|Any CPU
		{AC46682B-FCD1-4CCE-90FD-724CFF6BD28A}.Release|Any CPU.ActiveCfg = Release|Any CPU
		{AC46682B-FCD1-4CCE-90FD-724CFF6BD28A}.Release|Any CPU.Build.0 = Release|Any CPU
		{AC46682B-FCD1-4CCE-90FD-724CFF6BD28A}.Release|x64.ActiveCfg = Release|Any CPU
		{AC46682B-FCD1-4CCE-90FD-724CFF6BD28A}.Release|x64.Build.0 = Release|Any CPU
		{AC46682B-FCD1-4CCE-90FD-724CFF6BD28A}.Release|x86.ActiveCfg = Release|Any CPU
		{AC46682B-FCD1-4CCE-90FD-724CFF6BD28A}.Release|x86.Build.0 = Release|Any CPU
		{83DDD522-D3CF-431F-93E8-0B59A9779988}.Debug|Any CPU.ActiveCfg = Debug|Any CPU
		{83DDD522-D3CF-431F-93E8-0B59A9779988}.Debug|Any CPU.Build.0 = Debug|Any CPU
		{83DDD522-D3CF-431F-93E8-0B59A9779988}.Debug|x64.ActiveCfg = Debug|Any CPU
		{83DDD522-D3CF-431F-93E8-0B59A9779988}.Debug|x64.Build.0 = Debug|Any CPU
		{83DDD522-D3CF-431F-93E8-0B59A9779988}.Debug|x86.ActiveCfg = Debug|Any CPU
		{83DDD522-D3CF-431F-93E8-0B59A9779988}.Debug|x86.Build.0 = Debug|Any CPU
		{83DDD522-D3CF-431F-93E8-0B59A9779988}.Release|Any CPU.ActiveCfg = Release|Any CPU
		{83DDD522-D3CF-431F-93E8-0B59A9779988}.Release|Any CPU.Build.0 = Release|Any CPU
		{83DDD522-D3CF-431F-93E8-0B59A9779988}.Release|x64.ActiveCfg = Release|Any CPU
		{83DDD522-D3CF-431F-93E8-0B59A9779988}.Release|x64.Build.0 = Release|Any CPU
		{83DDD522-D3CF-431F-93E8-0B59A9779988}.Release|x86.ActiveCfg = Release|Any CPU
		{83DDD522-D3CF-431F-93E8-0B59A9779988}.Release|x86.Build.0 = Release|Any CPU
	EndGlobalSection
	GlobalSection(NestedProjects) = preSolution
		{67518CA4-598E-4D81-AAF3-C467964CC605} = {6FC37CDE-07B9-4D9D-B5B4-606B8B50D572}
		{0CA83220-D920-44D3-ABF3-953AF4E5A522} = {6FC37CDE-07B9-4D9D-B5B4-606B8B50D572}
		{AC46682B-FCD1-4CCE-90FD-724CFF6BD28A} = {3CE4BEFC-0FDC-4DE3-B23D-BE46874BDDDD}
		{83DDD522-D3CF-431F-93E8-0B59A9779988} = {3CE4BEFC-0FDC-4DE3-B23D-BE46874BDDDD}
	EndGlobalSection
EndGlobal
